{
  "name": "rhombile",
  "version": "1.0.0",
  "lockfileVersion": 3,
  "requires": true,
  "packages": {
    "": {
      "name": "rhombile",
      "version": "1.0.0",
      "license": "ISC",
      "dependencies": {
        "@eastdesire/jscolor": "^2.5.1",
        "huebee": "^2.1.1"
      }
    },
    "node_modules/@eastdesire/jscolor": {
      "version": "2.5.1",
      "resolved": "https://registry.npmjs.org/@eastdesire/jscolor/-/jscolor-2.5.1.tgz",
      "integrity": "sha512-+D7Xz2f1Zxpc438q0s7wwKHwWal596dcAGcWp+pxfHlYtt0LVdynMFrf0PYdmwHt8idKfeglyU2h2LdkATFcbQ=="
    },
    "node_modules/ev-emitter": {
      "version": "1.1.1",
      "resolved": "https://registry.npmjs.org/ev-emitter/-/ev-emitter-1.1.1.tgz",
      "integrity": "sha512-ipiDYhdQSCZ4hSbX4rMW+XzNKMD1prg/sTvoVmSLkuQ1MVlwjJQQA+sW8tMYR3BLUr9KjodFV4pvzunvRhd33Q=="
    },
    "node_modules/huebee": {
      "version": "2.1.1",
      "resolved": "https://registry.npmjs.org/huebee/-/huebee-2.1.1.tgz",
      "integrity": "sha512-wdQ/lJproHgJyNrbSqyWOyUmNIYU8EMR1tfdY2Ag5tRoQGtT4CIsHWiXqJBctClKj+sf5uiL6VS83ZGLBxE91w==",
      "dependencies": {
        "ev-emitter": "^1.1.1",
        "unipointer": "^2.3.0"
      }
    },
    "node_modules/unipointer": {
      "version": "2.4.0",
      "resolved": "https://registry.npmjs.org/unipointer/-/unipointer-2.4.0.tgz",
      "integrity": "sha512-VjzDLPjGK7aYpQKH7bnDZS8X4axF5AFU/LQi+NQe1oyEHfaz6lWKhaQ7n4o7vJ1iJ4i2T0quCIfrQM139p05Sw==",
      "dependencies": {
        "ev-emitter": "^1.0.1"
      }
    }
  }
}
