{
  "name": "rhombile",
  "version": "1.0.0",
  "lockfileVersion": 3,
  "requires": true,
  "packages": {
    "": {
      "name": "rhombile",
      "version": "1.0.0",
      "license": "ISC",
      "dependencies": {
        "@eastdesire/jscolor": "^2.5.1"
      }
    },
    "node_modules/@eastdesire/jscolor": {
      "version": "2.5.1",
      "resolved": "https://registry.npmjs.org/@eastdesire/jscolor/-/jscolor-2.5.1.tgz",
      "integrity": "sha512-+D7Xz2f1Zxpc438q0s7wwKHwWal596dcAGcWp+pxfHlYtt0LVdynMFrf0PYdmwHt8idKfeglyU2h2LdkATFcbQ=="
    }
  }
}
